
Microsoft Visual Studio Solution File, Format Version 12.00
# Visual Studio Version 17
VisualStudioVersion = 17.0.32014.148
MinimumVisualStudioVersion = 10.0.40219.1
Project("{FAE04EC0-301F-11D3-BF4B-00C04F79EFBC}") = "WebApplication1", "WebApplication1.csproj", "{4A99C647-50A8-41D6-9358-43B768E884A2}"
EndProject
Global
	GlobalSection(SolutionConfigurationPlatforms) = preSolution
		Debug|Any CPU = Debug|Any CPU
		Release|Any CPU = Release|Any CPU
	EndGlobalSection
	GlobalSection(ProjectConfigurationPlatforms) = postSolution
		{4A99C647-50A8-41D6-9358-43B768E884A2}.Debug|Any CPU.ActiveCfg = Debug|Any CPU
		{4A99C647-50A8-41D6-9358-43B768E884A2}.Debug|Any CPU.Build.0 = Debug|Any CPU
		{4A99C647-50A8-41D6-9358-43B768E884A2}.Release|Any CPU.ActiveCfg = Release|Any CPU
		{4A99C647-50A8-41D6-9358-43B768E884A2}.Release|Any CPU.Build.0 = Release|Any CPU
	EndGlobalSection
	GlobalSection(SolutionProperties) = preSolution
		HideSolutionNode = FALSE
	EndGlobalSection
	GlobalSection(ExtensibilityGlobals) = postSolution
		SolutionGuid = {92DB69AE-2A0B-4696-A8D2-8D3F367AE064}
	EndGlobalSection
EndGlobal
